
Microsoft Visual Studio Solution File, Format Version 12.00
# Visual Studio Version 17
VisualStudioVersion = 17.7.34009.444
MinimumVisualStudioVersion = 10.0.40219.1
Project("{FAE04EC0-301F-11D3-BF4B-00C04F79EFBC}") = "pr_web", "pr_web.csproj", "{68AEB136-1E6A-4F7F-AB45-3954473F9F77}"
EndProject
Project("{FAE04EC0-301F-11D3-BF4B-00C04F79EFBC}") = "Modelo", "..\Modelo\Modelo.csproj", "{01359766-E9B0-48B6-9A1F-E977336DD839}"
EndProject
Global
	GlobalSection(SolutionConfigurationPlatforms) = preSolution
		Debug|Any CPU = Debug|Any CPU
		Release|Any CPU = Release|Any CPU
	EndGlobalSection
	GlobalSection(ProjectConfigurationPlatforms) = postSolution
		{68AEB136-1E6A-4F7F-AB45-3954473F9F77}.Debug|Any CPU.ActiveCfg = Debug|Any CPU
		{68AEB136-1E6A-4F7F-AB45-3954473F9F77}.Debug|Any CPU.Build.0 = Debug|Any CPU
		{68AEB136-1E6A-4F7F-AB45-3954473F9F77}.Release|Any CPU.ActiveCfg = Release|Any CPU
		{68AEB136-1E6A-4F7F-AB45-3954473F9F77}.Release|Any CPU.Build.0 = Release|Any CPU
		{01359766-E9B0-48B6-9A1F-E977336DD839}.Debug|Any CPU.ActiveCfg = Debug|Any CPU
		{01359766-E9B0-48B6-9A1F-E977336DD839}.Debug|Any CPU.Build.0 = Debug|Any CPU
		{01359766-E9B0-48B6-9A1F-E977336DD839}.Release|Any CPU.ActiveCfg = Release|Any CPU
		{01359766-E9B0-48B6-9A1F-E977336DD839}.Release|Any CPU.Build.0 = Release|Any CPU
	EndGlobalSection
	GlobalSection(SolutionProperties) = preSolution
		HideSolutionNode = FALSE
	EndGlobalSection
	GlobalSection(ExtensibilityGlobals) = postSolution
		SolutionGuid = {6EE72773-5315-44E1-AB13-F3BC0E65491A}
	EndGlobalSection
EndGlobal
